
Microsoft Visual Studio Solution File, Format Version 12.00
# Visual Studio Version 17
VisualStudioVersion = 17.5.33516.290
MinimumVisualStudioVersion = 10.0.40219.1
Project("{FAE04EC0-301F-11D3-BF4B-00C04F79EFBC}") = "Exam-QGI", "Exam-QGI\Exam-QGI.csproj", "{264F6B6B-A4F6-4E38-B86B-AB97EC28184C}"
EndProject
Project("{FAE04EC0-301F-11D3-BF4B-00C04F79EFBC}") = "Infrastructure.Data.SQLite", "Infrastructure.Data.SQLite\Infrastructure.Data.SQLite.csproj", "{5A65E5D7-7376-4526-8844-5F50EC07E091}"
EndProject
Project("{FAE04EC0-301F-11D3-BF4B-00C04F79EFBC}") = "Domain", "Domain\Domain.csproj", "{7178E136-2456-4EEB-A8BF-E86B881A7A61}"
EndProject
Project("{FAE04EC0-301F-11D3-BF4B-00C04F79EFBC}") = "ApiModels", "ApiModels\ApiModels.csproj", "{FD41B4BE-69F1-413C-A82B-2D531D64F3EA}"
EndProject
Project("{FAE04EC0-301F-11D3-BF4B-00C04F79EFBC}") = "WebClient", "WebClient\WebClient.csproj", "{5BD00326-6C42-4D4F-80D8-5918D796B1C8}"
EndProject
Global
	GlobalSection(SolutionConfigurationPlatforms) = preSolution
		Debug|Any CPU = Debug|Any CPU
		Release|Any CPU = Release|Any CPU
	EndGlobalSection
	GlobalSection(ProjectConfigurationPlatforms) = postSolution
		{264F6B6B-A4F6-4E38-B86B-AB97EC28184C}.Debug|Any CPU.ActiveCfg = Debug|Any CPU
		{264F6B6B-A4F6-4E38-B86B-AB97EC28184C}.Debug|Any CPU.Build.0 = Debug|Any CPU
		{264F6B6B-A4F6-4E38-B86B-AB97EC28184C}.Release|Any CPU.ActiveCfg = Release|Any CPU
		{264F6B6B-A4F6-4E38-B86B-AB97EC28184C}.Release|Any CPU.Build.0 = Release|Any CPU
		{5A65E5D7-7376-4526-8844-5F50EC07E091}.Debug|Any CPU.ActiveCfg = Debug|Any CPU
		{5A65E5D7-7376-4526-8844-5F50EC07E091}.Debug|Any CPU.Build.0 = Debug|Any CPU
		{5A65E5D7-7376-4526-8844-5F50EC07E091}.Release|Any CPU.ActiveCfg = Release|Any CPU
		{5A65E5D7-7376-4526-8844-5F50EC07E091}.Release|Any CPU.Build.0 = Release|Any CPU
		{7178E136-2456-4EEB-A8BF-E86B881A7A61}.Debug|Any CPU.ActiveCfg = Debug|Any CPU
		{7178E136-2456-4EEB-A8BF-E86B881A7A61}.Debug|Any CPU.Build.0 = Debug|Any CPU
		{7178E136-2456-4EEB-A8BF-E86B881A7A61}.Release|Any CPU.ActiveCfg = Release|Any CPU
		{7178E136-2456-4EEB-A8BF-E86B881A7A61}.Release|Any CPU.Build.0 = Release|Any CPU
		{FD41B4BE-69F1-413C-A82B-2D531D64F3EA}.Debug|Any CPU.ActiveCfg = Debug|Any CPU
		{FD41B4BE-69F1-413C-A82B-2D531D64F3EA}.Debug|Any CPU.Build.0 = Debug|Any CPU
		{FD41B4BE-69F1-413C-A82B-2D531D64F3EA}.Release|Any CPU.ActiveCfg = Release|Any CPU
		{FD41B4BE-69F1-413C-A82B-2D531D64F3EA}.Release|Any CPU.Build.0 = Release|Any CPU
		{5BD00326-6C42-4D4F-80D8-5918D796B1C8}.Debug|Any CPU.ActiveCfg = Debug|Any CPU
		{5BD00326-6C42-4D4F-80D8-5918D796B1C8}.Debug|Any CPU.Build.0 = Debug|Any CPU
		{5BD00326-6C42-4D4F-80D8-5918D796B1C8}.Release|Any CPU.ActiveCfg = Release|Any CPU
		{5BD00326-6C42-4D4F-80D8-5918D796B1C8}.Release|Any CPU.Build.0 = Release|Any CPU
	EndGlobalSection
	GlobalSection(SolutionProperties) = preSolution
		HideSolutionNode = FALSE
	EndGlobalSection
	GlobalSection(ExtensibilityGlobals) = postSolution
		SolutionGuid = {EA798BCE-4953-4E07-9AB7-FB38D7424998}
	EndGlobalSection
EndGlobal
